
Microsoft Visual Studio Solution File, Format Version 12.00
# Visual Studio Version 17
VisualStudioVersion = 17.11.35208.52
MinimumVisualStudioVersion = 10.0.40219.1
Project("{FAE04EC0-301F-11D3-BF4B-00C04F79EFBC}") = "Pool-Club", "Pool-Club.csproj", "{3EB61914-92A1-4BF3-99D9-F4D155E0F88E}"
EndProject
Global
	GlobalSection(SolutionConfigurationPlatforms) = preSolution
		Debug|Any CPU = Debug|Any CPU
		Release|Any CPU = Release|Any CPU
	EndGlobalSection
	GlobalSection(ProjectConfigurationPlatforms) = postSolution
		{3EB61914-92A1-4BF3-99D9-F4D155E0F88E}.Debug|Any CPU.ActiveCfg = Debug|Any CPU
		{3EB61914-92A1-4BF3-99D9-F4D155E0F88E}.Debug|Any CPU.Build.0 = Debug|Any CPU
		{3EB61914-92A1-4BF3-99D9-F4D155E0F88E}.Release|Any CPU.ActiveCfg = Release|Any CPU
		{3EB61914-92A1-4BF3-99D9-F4D155E0F88E}.Release|Any CPU.Build.0 = Release|Any CPU
	EndGlobalSection
	GlobalSection(SolutionProperties) = preSolution
		HideSolutionNode = FALSE
	EndGlobalSection
	GlobalSection(ExtensibilityGlobals) = postSolution
		SolutionGuid = {039DDF8B-59A7-4C45-9DD8-CF859B9D07EB}
	EndGlobalSection
EndGlobal
